// !$*UTF8*$!
{
	archiveVersion = 1;
	classes = {
	};
	objectVersion = 56;
	objects = {

/* Begin PBXBuildFile section */
		AA000001 /* LyricGeneratorApp.swift in Sources */ = {isa = PBXBuildFile; fileRef = AB000001; };
		AA000002 /* ContentView.swift in Sources */ = {isa = PBXBuildFile; fileRef = AB000002; };
		AA000003 /* LyricLine.swift in Sources */ = {isa = PBXBuildFile; fileRef = AB000003; };
		AA000004 /* LyricEntry.swift in Sources */ = {isa = PBXBuildFile; fileRef = AB000004; };
		AA000005 /* RhymeService.swift in Sources */ = {isa = PBXBuildFile; fileRef = AB000005; };
		AA000006 /* StorageService.swift in Sources */ = {isa = PBXBuildFile; fileRef = AB000006; };
		AA000007 /* SyllableCounter.swift in Sources */ = {isa = PBXBuildFile; fileRef = AB000007; };
		AA000008 /* LyricViewModel.swift in Sources */ = {isa = PBXBuildFile; fileRef = AB000008; };
		AA000009 /* CanvasView.swift in Sources */ = {isa = PBXBuildFile; fileRef = AB000009; };
		AA000010 /* LineEditorView.swift in Sources */ = {isa = PBXBuildFile; fileRef = AB000010; };
		AA000011 /* RhymeSuggestionsView.swift in Sources */ = {isa = PBXBuildFile; fileRef = AB000011; };
		AA000012 /* SidebarView.swift in Sources */ = {isa = PBXBuildFile; fileRef = AB000012; };
		AA000013 /* ThemeToggleView.swift in Sources */ = {isa = PBXBuildFile; fileRef = AB000013; };
		AA000014 /* Assets.xcassets in Resources */ = {isa = PBXBuildFile; fileRef = AB000014; };
		AA000015 /* WordBankView.swift in Sources */ = {isa = PBXBuildFile; fileRef = AB000015; };
		AA000016 /* SettingsView.swift in Sources */ = {isa = PBXBuildFile; fileRef = AB000016; };
		7B9FD9E364D9BA0FE2FBA612 /* StressAnalyzer.swift in Sources */ = {isa = PBXBuildFile; fileRef = E7C47274A67E5DB5F3BF4C8C /* StressAnalyzer.swift */; };
		EEFF100D4B1463842829BC39 /* OfflineRhymeDict.swift in Sources */ = {isa = PBXBuildFile; fileRef = B63C1C992353A17D937C2B08 /* OfflineRhymeDict.swift */; };
		B7D47C8552460662260C757F /* ExportView.swift in Sources */ = {isa = PBXBuildFile; fileRef = D639F63A43FA0B152BA7FCBF /* ExportView.swift */; };
		CDAE84929BD6C983BAEF0D4F /* RhymeMapView.swift in Sources */ = {isa = PBXBuildFile; fileRef = 1C94454BD864BA886FFC974E /* RhymeMapView.swift */; };
		RLCL00001 /* RhymeLabelColors.swift in Sources */ = {isa = PBXBuildFile; fileRef = RLCL00002 /* RhymeLabelColors.swift */; };
		F0A1B2C3D4E5F6A7B8C9D0E2 /* EBGaramond-VariableFont_wght.ttf in Resources */ = {isa = PBXBuildFile; fileRef = F0A1B2C3D4E5F6A7B8C9D0E1 /* EBGaramond-VariableFont_wght.ttf */; };
		AA000017 /* EntryMode.swift in Sources */ = {isa = PBXBuildFile; fileRef = AB000017 /* EntryMode.swift */; };
		AA000018 /* PoemForm.swift in Sources */ = {isa = PBXBuildFile; fileRef = AB000018 /* PoemForm.swift */; };
		AA000019 /* ModeToggleView.swift in Sources */ = {isa = PBXBuildFile; fileRef = AB000019 /* ModeToggleView.swift */; };
		AA000020 /* PoemFormPicker.swift in Sources */ = {isa = PBXBuildFile; fileRef = AB000020 /* PoemFormPicker.swift */; };
		AA000021 /* PoemFormGuideView.swift in Sources */ = {isa = PBXBuildFile; fileRef = AB000021 /* PoemFormGuideView.swift */; };
		AA000022 /* AbletonScanService.swift in Sources */ = {isa = PBXBuildFile; fileRef = AB000022 /* AbletonScanService.swift */; };
		AA000023 /* AbletonShortcutView.swift in Sources */ = {isa = PBXBuildFile; fileRef = AB000023 /* AbletonShortcutView.swift */; };
/* End PBXBuildFile section */

/* Begin PBXFileReference section */
		AB000001 /* LyricGeneratorApp.swift */ = {isa = PBXFileReference; lastKnownFileType = sourcecode.swift; path = LyricGeneratorApp.swift; sourceTree = "<group>"; };
		AB000002 /* ContentView.swift */ = {isa = PBXFileReference; lastKnownFileType = sourcecode.swift; path = ContentView.swift; sourceTree = "<group>"; };
		AB000003 /* LyricLine.swift */ = {isa = PBXFileReference; lastKnownFileType = sourcecode.swift; path = LyricLine.swift; sourceTree = "<group>"; };
		AB000004 /* LyricEntry.swift */ = {isa = PBXFileReference; lastKnownFileType = sourcecode.swift; path = LyricEntry.swift; sourceTree = "<group>"; };
		AB000005 /* RhymeService.swift */ = {isa = PBXFileReference; lastKnownFileType = sourcecode.swift; path = RhymeService.swift; sourceTree = "<group>"; };
		AB000006 /* StorageService.swift */ = {isa = PBXFileReference; lastKnownFileType = sourcecode.swift; path = StorageService.swift; sourceTree = "<group>"; };
		AB000007 /* SyllableCounter.swift */ = {isa = PBXFileReference; lastKnownFileType = sourcecode.swift; path = SyllableCounter.swift; sourceTree = "<group>"; };
		AB000008 /* LyricViewModel.swift */ = {isa = PBXFileReference; lastKnownFileType = sourcecode.swift; path = LyricViewModel.swift; sourceTree = "<group>"; };
		AB000009 /* CanvasView.swift */ = {isa = PBXFileReference; lastKnownFileType = sourcecode.swift; path = CanvasView.swift; sourceTree = "<group>"; };
		AB000010 /* LineEditorView.swift */ = {isa = PBXFileReference; lastKnownFileType = sourcecode.swift; path = LineEditorView.swift; sourceTree = "<group>"; };
		AB000011 /* RhymeSuggestionsView.swift */ = {isa = PBXFileReference; lastKnownFileType = sourcecode.swift; path = RhymeSuggestionsView.swift; sourceTree = "<group>"; };
		AB000012 /* SidebarView.swift */ = {isa = PBXFileReference; lastKnownFileType = sourcecode.swift; path = SidebarView.swift; sourceTree = "<group>"; };
		AB000013 /* ThemeToggleView.swift */ = {isa = PBXFileReference; lastKnownFileType = sourcecode.swift; path = ThemeToggleView.swift; sourceTree = "<group>"; };
		AB000015 /* WordBankView.swift */ = {isa = PBXFileReference; lastKnownFileType = sourcecode.swift; path = WordBankView.swift; sourceTree = "<group>"; };
		AB000016 /* SettingsView.swift */ = {isa = PBXFileReference; lastKnownFileType = sourcecode.swift; path = SettingsView.swift; sourceTree = "<group>"; };
		AB000014 /* Assets.xcassets */ = {isa = PBXFileReference; lastKnownFileType = folder.assetcatalog; path = Assets.xcassets; sourceTree = "<group>"; };
		AC000001 /* LyricGenerator.app */ = {isa = PBXFileReference; explicitFileType = wrapper.application; includeInIndex = 0; path = LyricGenerator.app; sourceTree = BUILT_PRODUCTS_DIR; };
		E7C47274A67E5DB5F3BF4C8C /* StressAnalyzer.swift */ = {isa = PBXFileReference; lastKnownFileType = sourcecode.swift; path = StressAnalyzer.swift; sourceTree = "<group>"; };
		B63C1C992353A17D937C2B08 /* OfflineRhymeDict.swift */ = {isa = PBXFileReference; lastKnownFileType = sourcecode.swift; path = OfflineRhymeDict.swift; sourceTree = "<group>"; };
		D639F63A43FA0B152BA7FCBF /* ExportView.swift */ = {isa = PBXFileReference; lastKnownFileType = sourcecode.swift; path = ExportView.swift; sourceTree = "<group>"; };
		1C94454BD864BA886FFC974E /* RhymeMapView.swift */ = {isa = PBXFileReference; lastKnownFileType = sourcecode.swift; path = RhymeMapView.swift; sourceTree = "<group>"; };
		RLCL00002 /* RhymeLabelColors.swift */ = {isa = PBXFileReference; lastKnownFileType = sourcecode.swift; path = RhymeLabelColors.swift; sourceTree = "<group>"; };
		F0A1B2C3D4E5F6A7B8C9D0E1 /* EBGaramond-VariableFont_wght.ttf */ = {isa = PBXFileReference; lastKnownFileType = file; path = "EBGaramond-VariableFont_wght.ttf"; sourceTree = "<group>"; };
		F0A1B2C3D4E5F6A7B8C9D0E3 /* Info.plist */ = {isa = PBXFileReference; lastKnownFileType = text.plist.xml; path = Info.plist; sourceTree = "<group>"; };
		AB000017 /* EntryMode.swift */ = {isa = PBXFileReference; lastKnownFileType = sourcecode.swift; path = EntryMode.swift; sourceTree = "<group>"; };
		AB000018 /* PoemForm.swift */ = {isa = PBXFileReference; lastKnownFileType = sourcecode.swift; path = PoemForm.swift; sourceTree = "<group>"; };
		AB000019 /* ModeToggleView.swift */ = {isa = PBXFileReference; lastKnownFileType = sourcecode.swift; path = ModeToggleView.swift; sourceTree = "<group>"; };
		AB000020 /* PoemFormPicker.swift */ = {isa = PBXFileReference; lastKnownFileType = sourcecode.swift; path = PoemFormPicker.swift; sourceTree = "<group>"; };
		AB000021 /* PoemFormGuideView.swift */ = {isa = PBXFileReference; lastKnownFileType = sourcecode.swift; path = PoemFormGuideView.swift; sourceTree = "<group>"; };
		AB000022 /* AbletonScanService.swift */ = {isa = PBXFileReference; lastKnownFileType = sourcecode.swift; path = AbletonScanService.swift; sourceTree = "<group>"; };
		AB000023 /* AbletonShortcutView.swift */ = {isa = PBXFileReference; lastKnownFileType = sourcecode.swift; path = AbletonShortcutView.swift; sourceTree = "<group>"; };
/* End PBXFileReference section */

/* Begin PBXFrameworksBuildPhase section */
		AD000001 /* Frameworks */ = {
			isa = PBXFrameworksBuildPhase;
			buildActionMask = 2147483647;
			files = (
			);
			runOnlyForDeploymentPostprocessing = 0;
		};
/* End PBXFrameworksBuildPhase section */

/* Begin PBXGroup section */
		AE000001 = {
			isa = PBXGroup;
			children = (
				AE000002 /* LyricGenerator */,
				AE000006 /* Products */,
			);
			sourceTree = "<group>";
		};
		AE000002 /* LyricGenerator */ = {
			isa = PBXGroup;
			children = (
				AB000001 /* LyricGeneratorApp.swift */,
				AB000002 /* ContentView.swift */,
				AE000003 /* Models */,
				AE000004 /* Services */,
				AE000005 /* ViewModels */,
				AE000007 /* Views */,
				F0A1B2C3D4E5F6A7B8C9D0E4 /* Fonts */,
				AB000014 /* Assets.xcassets */,
				F0A1B2C3D4E5F6A7B8C9D0E3 /* Info.plist */,
			);
			path = LyricGenerator;
			sourceTree = "<group>";
		};
		AE000003 /* Models */ = {
			isa = PBXGroup;
			children = (
				AB000003 /* LyricLine.swift */,
				AB000004 /* LyricEntry.swift */,
				AB000017 /* EntryMode.swift */,
				AB000018 /* PoemForm.swift */,
			);
			path = Models;
			sourceTree = "<group>";
		};
		AE000004 /* Services */ = {
			isa = PBXGroup;
			children = (
				AB000005 /* RhymeService.swift */,
				AB000006 /* StorageService.swift */,
				AB000007 /* SyllableCounter.swift */,
				E7C47274A67E5DB5F3BF4C8C /* StressAnalyzer.swift */,
				B63C1C992353A17D937C2B08 /* OfflineRhymeDict.swift */,
				AB000022 /* AbletonScanService.swift */,
			);
			path = Services;
			sourceTree = "<group>";
		};
		AE000005 /* ViewModels */ = {
			isa = PBXGroup;
			children = (
				AB000008 /* LyricViewModel.swift */,
			);
			path = ViewModels;
			sourceTree = "<group>";
		};
		AE000006 /* Products */ = {
			isa = PBXGroup;
			children = (
				AC000001 /* LyricGenerator.app */,
			);
			name = Products;
			sourceTree = "<group>";
		};
		AE000007 /* Views */ = {
			isa = PBXGroup;
			children = (
				AB000009 /* CanvasView.swift */,
				AB000010 /* LineEditorView.swift */,
				AB000011 /* RhymeSuggestionsView.swift */,
				AB000012 /* SidebarView.swift */,
				AB000013 /* ThemeToggleView.swift */,
				AB000015 /* WordBankView.swift */,
				AB000016 /* SettingsView.swift */,
				D639F63A43FA0B152BA7FCBF /* ExportView.swift */,
				1C94454BD864BA886FFC974E /* RhymeMapView.swift */,
				RLCL00002 /* RhymeLabelColors.swift */,
				AB000019 /* ModeToggleView.swift */,
				AB000020 /* PoemFormPicker.swift */,
				AB000021 /* PoemFormGuideView.swift */,
				AB000023 /* AbletonShortcutView.swift */,
			);
			path = Views;
			sourceTree = "<group>";
		};
		F0A1B2C3D4E5F6A7B8C9D0E4 /* Fonts */ = {
			isa = PBXGroup;
			children = (
				F0A1B2C3D4E5F6A7B8C9D0E1 /* EBGaramond-VariableFont_wght.ttf */,
			);
			path = Fonts;
			sourceTree = "<group>";
		};
/* End PBXGroup section */

/* Begin PBXNativeTarget section */
		AF000001 /* LyricGenerator */ = {
			isa = PBXNativeTarget;
			buildConfigurationList = B1000001 /* Build configuration list for PBXNativeTarget "LyricGenerator" */;
			buildPhases = (
				AF000002 /* Sources */,
				AD000001 /* Frameworks */,
				AF000003 /* Resources */,
				COPYPH001 /* Copy to ~/Applications */,
			);
			buildRules = (
			);
			dependencies = (
			);
			name = LyricGenerator;
			productName = LyricGenerator;
			productReference = AC000001 /* LyricGenerator.app */;
			productType = "com.apple.product-type.application";
		};
/* End PBXNativeTarget section */

/* Begin PBXProject section */
		B0000001 /* Project object */ = {
			isa = PBXProject;
			attributes = {
				BuildIndependentTargetsInParallel = 1;
				LastSwiftUpdateCheck = 1620;
				LastUpgradeCheck = 1620;
				TargetAttributes = {
					AF000001 = {
						CreatedOnToolsVersion = 16.2;
					};
				};
			};
			buildConfigurationList = B1000002 /* Build configuration list for PBXProject "LyricGenerator" */;
			compatibilityVersion = "Xcode 14.0";
			developmentRegion = en;
			hasScannedForEncodings = 0;
			knownRegions = (
				en,
				Base,
			);
			mainGroup = AE000001;
			productRefGroup = AE000006 /* Products */;
			projectDirPath = "";
			projectRoot = "";
			targets = (
				AF000001 /* LyricGenerator */,
			);
		};
/* End PBXProject section */

/* Begin PBXResourcesBuildPhase section */
		AF000003 /* Resources */ = {
			isa = PBXResourcesBuildPhase;
			buildActionMask = 2147483647;
			files = (
				AA000014 /* Assets.xcassets in Resources */,
				F0A1B2C3D4E5F6A7B8C9D0E2 /* EBGaramond-VariableFont_wght.ttf in Resources */,
			);
			runOnlyForDeploymentPostprocessing = 0;
		};
/* End PBXResourcesBuildPhase section */

/* Begin PBXSourcesBuildPhase section */
		AF000002 /* Sources */ = {
			isa = PBXSourcesBuildPhase;
			buildActionMask = 2147483647;
			files = (
				AA000001 /* LyricGeneratorApp.swift in Sources */,
				AA000002 /* ContentView.swift in Sources */,
				AA000003 /* LyricLine.swift in Sources */,
				AA000004 /* LyricEntry.swift in Sources */,
				AA000005 /* RhymeService.swift in Sources */,
				AA000006 /* StorageService.swift in Sources */,
				AA000007 /* SyllableCounter.swift in Sources */,
				AA000008 /* LyricViewModel.swift in Sources */,
				AA000009 /* CanvasView.swift in Sources */,
				AA000010 /* LineEditorView.swift in Sources */,
				AA000011 /* RhymeSuggestionsView.swift in Sources */,
				AA000012 /* SidebarView.swift in Sources */,
				AA000013 /* ThemeToggleView.swift in Sources */,
				AA000015 /* WordBankView.swift in Sources */,
				AA000016 /* SettingsView.swift in Sources */,
				7B9FD9E364D9BA0FE2FBA612 /* StressAnalyzer.swift in Sources */,
				EEFF100D4B1463842829BC39 /* OfflineRhymeDict.swift in Sources */,
				B7D47C8552460662260C757F /* ExportView.swift in Sources */,
				CDAE84929BD6C983BAEF0D4F /* RhymeMapView.swift in Sources */,
				RLCL00001 /* RhymeLabelColors.swift in Sources */,
				AA000017 /* EntryMode.swift in Sources */,
				AA000018 /* PoemForm.swift in Sources */,
				AA000019 /* ModeToggleView.swift in Sources */,
				AA000020 /* PoemFormPicker.swift in Sources */,
				AA000021 /* PoemFormGuideView.swift in Sources */,
				AA000022 /* AbletonScanService.swift in Sources */,
				AA000023 /* AbletonShortcutView.swift in Sources */,
			);
			runOnlyForDeploymentPostprocessing = 0;
		};
/* End PBXSourcesBuildPhase section */

/* Begin PBXShellScriptBuildPhase section */
		COPYPH001 /* Copy to ~/Applications */ = {
			isa = PBXShellScriptBuildPhase;
			buildActionMask = 2147483647;
			files = (
			);
			inputFileListPaths = (
			);
			inputPaths = (
			);
			name = "Copy to Applications";
			outputFileListPaths = (
			);
			outputPaths = (
			);
			runOnlyForDeploymentPostprocessing = 0;
			shellPath = /bin/sh;
			shellScript = "killall LyricGenerator 2>/dev/null || true\nmkdir -p \"$HOME/Applications\"\nrm -rf \"$HOME/Applications/LyricGenerator.app\"\ncp -R \"${BUILT_PRODUCTS_DIR}/${FULL_PRODUCT_NAME}\" \"$HOME/Applications/LyricGenerator.app\"\ncodesign --force --deep --sign - \"$HOME/Applications/LyricGenerator.app\"\nxattr -cr \"$HOME/Applications/LyricGenerator.app\"\nrm -rf /Applications/LyricGenerator.app\ncp -R \"${BUILT_PRODUCTS_DIR}/${FULL_PRODUCT_NAME}\" /Applications/LyricGenerator.app\ncodesign --force --deep --sign - /Applications/LyricGenerator.app\nxattr -cr /Applications/LyricGenerator.app\nopen /Applications/LyricGenerator.app\n";
		};
/* End PBXShellScriptBuildPhase section */

/* Begin XCBuildConfiguration section */
		B2000001 /* Debug */ = {
			isa = XCBuildConfiguration;
			buildSettings = {
				ALWAYS_SEARCH_USER_PATHS = NO;
				ASSETCATALOG_COMPILER_GENERATE_SWIFT_ASSET_SYMBOL_EXTENSIONS = YES;
				CLANG_ANALYZER_NONNULL = YES;
				CLANG_ANALYZER_NUMBER_OBJECT_CONVERSION = YES_AGGRESSIVE;
				CLANG_CXX_LANGUAGE_STANDARD = "gnu++20";
				CLANG_ENABLE_MODULES = YES;
				CLANG_ENABLE_OBJC_ARC = YES;
				CLANG_ENABLE_OBJC_WEAK = YES;
				CLANG_WARN_BLOCK_CAPTURE_AUTORELEASING = YES;
				CLANG_WARN_BOOL_CONVERSION = YES;
				CLANG_WARN_COMMA = YES;
				CLANG_WARN_CONSTANT_CONVERSION = YES;
				CLANG_WARN_DEPRECATED_OBJC_IMPLEMENTATIONS = YES;
				CLANG_WARN_DIRECT_OBJC_ISA_USAGE = YES_ERROR;
				CLANG_WARN_DOCUMENTATION_COMMENTS = YES;
				CLANG_WARN_EMPTY_BODY = YES;
				CLANG_WARN_ENUM_CONVERSION = YES;
				CLANG_WARN_INFINITE_RECURSION = YES;
				CLANG_WARN_INT_CONVERSION = YES;
				CLANG_WARN_NON_LITERAL_NULL_CONVERSION = YES;
				CLANG_WARN_OBJC_IMPLICIT_RETAIN_SELF = YES;
				CLANG_WARN_OBJC_LITERAL_CONVERSION = YES;
				CLANG_WARN_OBJC_ROOT_CLASS = YES_ERROR;
				CLANG_WARN_QUOTED_INCLUDE_IN_FRAMEWORK_HEADER = YES;
				CLANG_WARN_RANGE_LOOP_ANALYSIS = YES;
				CLANG_WARN_STRICT_PROTOTYPES = YES;
				CLANG_WARN_SUSPICIOUS_MOVE = YES;
				CLANG_WARN_UNGUARDED_AVAILABILITY = YES_AGGRESSIVE;
				CLANG_WARN_UNREACHABLE_CODE = YES;
				CLANG_WARN__DUPLICATE_METHOD_MATCH = YES;
				COPY_PHASE_STRIP = NO;
				DEBUG_INFORMATION_FORMAT = dwarf;
				ENABLE_STRICT_OBJC_MSGSEND = YES;
				ENABLE_TESTABILITY = YES;
				ENABLE_USER_SCRIPT_SANDBOXING = NO;
				GCC_C_LANGUAGE_STANDARD = gnu17;
				GCC_DYNAMIC_NO_PIC = NO;
				GCC_NO_COMMON_BLOCKS = YES;
				GCC_OPTIMIZATION_LEVEL = 0;
				GCC_PREPROCESSOR_DEFINITIONS = (
					"DEBUG=1",
					"$(inherited)",
				);
				GCC_WARN_64_TO_32_BIT_CONVERSION = YES;
				GCC_WARN_ABOUT_RETURN_TYPE = YES_ERROR;
				GCC_WARN_UNDECLARED_SELECTOR = YES;
				GCC_WARN_UNINITIALIZED_AUTOS = YES_AGGRESSIVE;
				GCC_WARN_UNUSED_FUNCTION = YES;
				GCC_WARN_UNUSED_VARIABLE = YES;
				MACOSX_DEPLOYMENT_TARGET = 14.0;
				MTL_ENABLE_DEBUG_INFO = INCLUDE_SOURCE;
				MTL_FAST_MATH = YES;
				ONLY_ACTIVE_ARCH = YES;
				SDKROOT = macosx;
				SWIFT_ACTIVE_COMPILATION_CONDITIONS = "DEBUG $(inherited)";
				SWIFT_OPTIMIZATION_LEVEL = "-Onone";
			};
			name = Debug;
		};
		B2000002 /* Release */ = {
			isa = XCBuildConfiguration;
			buildSettings = {
				ALWAYS_SEARCH_USER_PATHS = NO;
				ASSETCATALOG_COMPILER_GENERATE_SWIFT_ASSET_SYMBOL_EXTENSIONS = YES;
				CLANG_ANALYZER_NONNULL = YES;
				CLANG_ANALYZER_NUMBER_OBJECT_CONVERSION = YES_AGGRESSIVE;
				CLANG_CXX_LANGUAGE_STANDARD = "gnu++20";
				CLANG_ENABLE_MODULES = YES;
				CLANG_ENABLE_OBJC_ARC = YES;
				CLANG_ENABLE_OBJC_WEAK = YES;
				CLANG_WARN_BLOCK_CAPTURE_AUTORELEASING = YES;
				CLANG_WARN_BOOL_CONVERSION = YES;
				CLANG_WARN_COMMA = YES;
				CLANG_WARN_CONSTANT_CONVERSION = YES;
				CLANG_WARN_DEPRECATED_OBJC_IMPLEMENTATIONS = YES;
				CLANG_WARN_DIRECT_OBJC_ISA_USAGE = YES_ERROR;
				CLANG_WARN_DOCUMENTATION_COMMENTS = YES;
				CLANG_WARN_EMPTY_BODY = YES;
				CLANG_WARN_ENUM_CONVERSION = YES;
				CLANG_WARN_INFINITE_RECURSION = YES;
				CLANG_WARN_INT_CONVERSION = YES;
				CLANG_WARN_NON_LITERAL_NULL_CONVERSION = YES;
				CLANG_WARN_OBJC_IMPLICIT_RETAIN_SELF = YES;
				CLANG_WARN_OBJC_LITERAL_CONVERSION = YES;
				CLANG_WARN_OBJC_ROOT_CLASS = YES_ERROR;
				CLANG_WARN_QUOTED_INCLUDE_IN_FRAMEWORK_HEADER = YES;
				CLANG_WARN_RANGE_LOOP_ANALYSIS = YES;
				CLANG_WARN_STRICT_PROTOTYPES = YES;
				CLANG_WARN_SUSPICIOUS_MOVE = YES;
				CLANG_WARN_UNGUARDED_AVAILABILITY = YES_AGGRESSIVE;
				CLANG_WARN_UNREACHABLE_CODE = YES;
				CLANG_WARN__DUPLICATE_METHOD_MATCH = YES;
				COPY_PHASE_STRIP = NO;
				DEBUG_INFORMATION_FORMAT = "dwarf-with-dsym";
				ENABLE_NS_ASSERTIONS = NO;
				ENABLE_STRICT_OBJC_MSGSEND = YES;
				ENABLE_USER_SCRIPT_SANDBOXING = NO;
				GCC_C_LANGUAGE_STANDARD = gnu17;
				GCC_NO_COMMON_BLOCKS = YES;
				GCC_WARN_64_TO_32_BIT_CONVERSION = YES;
				GCC_WARN_ABOUT_RETURN_TYPE = YES_ERROR;
				GCC_WARN_UNDECLARED_SELECTOR = YES;
				GCC_WARN_UNINITIALIZED_AUTOS = YES_AGGRESSIVE;
				GCC_WARN_UNUSED_FUNCTION = YES;
				GCC_WARN_UNUSED_VARIABLE = YES;
				MACOSX_DEPLOYMENT_TARGET = 14.0;
				MTL_ENABLE_DEBUG_INFO = NO;
				MTL_FAST_MATH = YES;
				SDKROOT = macosx;
				SWIFT_COMPILATION_MODE = wholemodule;
			};
			name = Release;
		};
		B2000003 /* Debug */ = {
			isa = XCBuildConfiguration;
			buildSettings = {
				ASSETCATALOG_COMPILER_APPICON_NAME = AppIcon;
				ASSETCATALOG_COMPILER_GLOBAL_ACCENT_COLOR_NAME = AccentColor;
				CODE_SIGN_ENTITLEMENTS = "";
				CODE_SIGN_STYLE = Automatic;
				COMBINE_HIDPI_IMAGES = YES;
				CURRENT_PROJECT_VERSION = 1;
				DEVELOPMENT_ASSET_PATHS = "";
				ENABLE_PREVIEWS = YES;
				GENERATE_INFOPLIST_FILE = YES;
				INFOPLIST_FILE = LyricGenerator/Info.plist;
				INFOPLIST_KEY_NSHumanReadableCopyright = "";
				LD_RUNPATH_SEARCH_PATHS = (
					"$(inherited)",
					"@executable_path/../Frameworks",
				);
				MARKETING_VERSION = 1.0;
				PRODUCT_BUNDLE_IDENTIFIER = com.lyricgenerator.app;
				PRODUCT_NAME = "$(TARGET_NAME)";
				SWIFT_EMIT_LOC_STRINGS = YES;
				SWIFT_VERSION = 5.0;
			};
			name = Debug;
		};
		B2000004 /* Release */ = {
			isa = XCBuildConfiguration;
			buildSettings = {
				ASSETCATALOG_COMPILER_APPICON_NAME = AppIcon;
				ASSETCATALOG_COMPILER_GLOBAL_ACCENT_COLOR_NAME = AccentColor;
				CODE_SIGN_ENTITLEMENTS = "";
				CODE_SIGN_STYLE = Automatic;
				COMBINE_HIDPI_IMAGES = YES;
				CURRENT_PROJECT_VERSION = 1;
				DEVELOPMENT_ASSET_PATHS = "";
				ENABLE_PREVIEWS = YES;
				GENERATE_INFOPLIST_FILE = YES;
				INFOPLIST_FILE = LyricGenerator/Info.plist;
				INFOPLIST_KEY_NSHumanReadableCopyright = "";
				LD_RUNPATH_SEARCH_PATHS = (
					"$(inherited)",
					"@executable_path/../Frameworks",
				);
				MARKETING_VERSION = 1.0;
				PRODUCT_BUNDLE_IDENTIFIER = com.lyricgenerator.app;
				PRODUCT_NAME = "$(TARGET_NAME)";
				SWIFT_EMIT_LOC_STRINGS = YES;
				SWIFT_VERSION = 5.0;
			};
			name = Release;
		};
/* End XCBuildConfiguration section */

/* Begin XCConfigurationList section */
		B1000001 /* Build configuration list for PBXNativeTarget "LyricGenerator" */ = {
			isa = XCConfigurationList;
			buildConfigurations = (
				B2000003 /* Debug */,
				B2000004 /* Release */,
			);
			defaultConfigurationIsVisible = 0;
			defaultConfigurationName = Release;
		};
		B1000002 /* Build configuration list for PBXProject "LyricGenerator" */ = {
			isa = XCConfigurationList;
			buildConfigurations = (
				B2000001 /* Debug */,
				B2000002 /* Release */,
			);
			defaultConfigurationIsVisible = 0;
			defaultConfigurationName = Release;
		};
/* End XCConfigurationList section */

	};
	rootObject = B0000001 /* Project object */;
}
